
Microsoft Visual Studio Solution File, Format Version 12.00
# Visual Studio Version 16
VisualStudioVersion = 16.0.30406.217
MinimumVisualStudioVersion = 10.0.40219.1
Project("{FAE04EC0-301F-11D3-BF4B-00C04F79EFBC}") = "OefeningenKlassesExtended", "OefeningenKlassesExtended\OefeningenKlassesExtended.csproj", "{D76D275F-3049-44B1-B943-258D2BFD9553}"
EndProject
Global
	GlobalSection(SolutionConfigurationPlatforms) = preSolution
		Debug|Any CPU = Debug|Any CPU
		Release|Any CPU = Release|Any CPU
	EndGlobalSection
	GlobalSection(ProjectConfigurationPlatforms) = postSolution
		{D76D275F-3049-44B1-B943-258D2BFD9553}.Debug|Any CPU.ActiveCfg = Debug|Any CPU
		{D76D275F-3049-44B1-B943-258D2BFD9553}.Debug|Any CPU.Build.0 = Debug|Any CPU
		{D76D275F-3049-44B1-B943-258D2BFD9553}.Release|Any CPU.ActiveCfg = Release|Any CPU
		{D76D275F-3049-44B1-B943-258D2BFD9553}.Release|Any CPU.Build.0 = Release|Any CPU
	EndGlobalSection
	GlobalSection(SolutionProperties) = preSolution
		HideSolutionNode = FALSE
	EndGlobalSection
	GlobalSection(ExtensibilityGlobals) = postSolution
		SolutionGuid = {69F932D1-FC85-47ED-9161-4C27430650CD}
	EndGlobalSection
EndGlobal
